
Microsoft Visual Studio Solution File, Format Version 12.00
# Visual Studio Version 17
VisualStudioVersion = 17.13.35913.81
MinimumVisualStudioVersion = 10.0.40219.1
Project("{FAE04EC0-301F-11D3-BF4B-00C04F79EFBC}") = "Projeto01", "Projeto01\Projeto01.csproj", "{47F33DC9-A179-4A31-9CF0-81B2A3E4D8B0}"
EndProject
Global
	GlobalSection(SolutionConfigurationPlatforms) = preSolution
		Debug|Any CPU = Debug|Any CPU
		Release|Any CPU = Release|Any CPU
	EndGlobalSection
	GlobalSection(ProjectConfigurationPlatforms) = postSolution
		{47F33DC9-A179-4A31-9CF0-81B2A3E4D8B0}.Debug|Any CPU.ActiveCfg = Debug|Any CPU
		{47F33DC9-A179-4A31-9CF0-81B2A3E4D8B0}.Debug|Any CPU.Build.0 = Debug|Any CPU
		{47F33DC9-A179-4A31-9CF0-81B2A3E4D8B0}.Release|Any CPU.ActiveCfg = Release|Any CPU
		{47F33DC9-A179-4A31-9CF0-81B2A3E4D8B0}.Release|Any CPU.Build.0 = Release|Any CPU
	EndGlobalSection
	GlobalSection(SolutionProperties) = preSolution
		HideSolutionNode = FALSE
	EndGlobalSection
	GlobalSection(ExtensibilityGlobals) = postSolution
		SolutionGuid = {70EAAEE4-A621-484A-93E1-71ABDA9BF0C7}
	EndGlobalSection
EndGlobal
